// !$*UTF8*$!
{
	archiveVersion = 1;
	classes = {
	};
	objectVersion = 56;
	objects = {

/* Begin PBXBuildFile section */
		6EB9D2A32A051E3900A4AB5D /* ContactListSUIApp.swift in Sources */ = {isa = PBXBuildFile; fileRef = 6EB9D2A22A051E3900A4AB5D /* ContactListSUIApp.swift */; };
		6EB9D2A52A051E3900A4AB5D /* ContentView.swift in Sources */ = {isa = PBXBuildFile; fileRef = 6EB9D2A42A051E3900A4AB5D /* ContentView.swift */; };
		6EB9D2A72A051E3A00A4AB5D /* Assets.xcassets in Resources */ = {isa = PBXBuildFile; fileRef = 6EB9D2A62A051E3A00A4AB5D /* Assets.xcassets */; };
		6EB9D2AA2A051E3A00A4AB5D /* Preview Assets.xcassets in Resources */ = {isa = PBXBuildFile; fileRef = 6EB9D2A92A051E3A00A4AB5D /* Preview Assets.xcassets */; };
		6EB9D2B12A051E7500A4AB5D /* DataManager.swift in Sources */ = {isa = PBXBuildFile; fileRef = 6EB9D2B02A051E7500A4AB5D /* DataManager.swift */; };
		6EB9D2B42A051ECC00A4AB5D /* Person.swift in Sources */ = {isa = PBXBuildFile; fileRef = 6EB9D2B32A051ECC00A4AB5D /* Person.swift */; };
		6EB9D2B72A05298E00A4AB5D /* ContactInfoView.swift in Sources */ = {isa = PBXBuildFile; fileRef = 6EB9D2B62A05298E00A4AB5D /* ContactInfoView.swift */; };
		6EB9D2B92A052AE000A4AB5D /* ContactListView.swift in Sources */ = {isa = PBXBuildFile; fileRef = 6EB9D2B82A052AE000A4AB5D /* ContactListView.swift */; };
		6EB9D2BB2A0532F500A4AB5D /* CardView.swift in Sources */ = {isa = PBXBuildFile; fileRef = 6EB9D2BA2A0532F500A4AB5D /* CardView.swift */; };
		6EB9D2BD2A05A1D900A4AB5D /* ContactInfoRowView.swift in Sources */ = {isa = PBXBuildFile; fileRef = 6EB9D2BC2A05A1D900A4AB5D /* ContactInfoRowView.swift */; };
		6EB9D2BF2A05A3C700A4AB5D /* NumbersView.swift in Sources */ = {isa = PBXBuildFile; fileRef = 6EB9D2BE2A05A3C700A4AB5D /* NumbersView.swift */; };
/* End PBXBuildFile section */

/* Begin PBXFileReference section */
		6EB9D29F2A051E3900A4AB5D /* ContactListSUI.app */ = {isa = PBXFileReference; explicitFileType = wrapper.application; includeInIndex = 0; path = ContactListSUI.app; sourceTree = BUILT_PRODUCTS_DIR; };
		6EB9D2A22A051E3900A4AB5D /* ContactListSUIApp.swift */ = {isa = PBXFileReference; lastKnownFileType = sourcecode.swift; path = ContactListSUIApp.swift; sourceTree = "<group>"; };
		6EB9D2A42A051E3900A4AB5D /* ContentView.swift */ = {isa = PBXFileReference; lastKnownFileType = sourcecode.swift; path = ContentView.swift; sourceTree = "<group>"; };
		6EB9D2A62A051E3A00A4AB5D /* Assets.xcassets */ = {isa = PBXFileReference; lastKnownFileType = folder.assetcatalog; path = Assets.xcassets; sourceTree = "<group>"; };
		6EB9D2A92A051E3A00A4AB5D /* Preview Assets.xcassets */ = {isa = PBXFileReference; lastKnownFileType = folder.assetcatalog; path = "Preview Assets.xcassets"; sourceTree = "<group>"; };
		6EB9D2B02A051E7500A4AB5D /* DataManager.swift */ = {isa = PBXFileReference; lastKnownFileType = sourcecode.swift; path = DataManager.swift; sourceTree = "<group>"; };
		6EB9D2B32A051ECC00A4AB5D /* Person.swift */ = {isa = PBXFileReference; lastKnownFileType = sourcecode.swift; path = Person.swift; sourceTree = "<group>"; };
		6EB9D2B62A05298E00A4AB5D /* ContactInfoView.swift */ = {isa = PBXFileReference; lastKnownFileType = sourcecode.swift; path = ContactInfoView.swift; sourceTree = "<group>"; };
		6EB9D2B82A052AE000A4AB5D /* ContactListView.swift */ = {isa = PBXFileReference; lastKnownFileType = sourcecode.swift; path = ContactListView.swift; sourceTree = "<group>"; };
		6EB9D2BA2A0532F500A4AB5D /* CardView.swift */ = {isa = PBXFileReference; lastKnownFileType = sourcecode.swift; path = CardView.swift; sourceTree = "<group>"; };
		6EB9D2BC2A05A1D900A4AB5D /* ContactInfoRowView.swift */ = {isa = PBXFileReference; lastKnownFileType = sourcecode.swift; path = ContactInfoRowView.swift; sourceTree = "<group>"; };
		6EB9D2BE2A05A3C700A4AB5D /* NumbersView.swift */ = {isa = PBXFileReference; lastKnownFileType = sourcecode.swift; path = NumbersView.swift; sourceTree = "<group>"; };
/* End PBXFileReference section */

/* Begin PBXFrameworksBuildPhase section */
		6EB9D29C2A051E3900A4AB5D /* Frameworks */ = {
			isa = PBXFrameworksBuildPhase;
			buildActionMask = 2147483647;
			files = (
			);
			runOnlyForDeploymentPostprocessing = 0;
		};
/* End PBXFrameworksBuildPhase section */

/* Begin PBXGroup section */
		6EB9D2962A051E3900A4AB5D = {
			isa = PBXGroup;
			children = (
				6EB9D2A12A051E3900A4AB5D /* ContactListSUI */,
				6EB9D2A02A051E3900A4AB5D /* Products */,
			);
			sourceTree = "<group>";
		};
		6EB9D2A02A051E3900A4AB5D /* Products */ = {
			isa = PBXGroup;
			children = (
				6EB9D29F2A051E3900A4AB5D /* ContactListSUI.app */,
			);
			name = Products;
			sourceTree = "<group>";
		};
		6EB9D2A12A051E3900A4AB5D /* ContactListSUI */ = {
			isa = PBXGroup;
			children = (
				6EB9D2A22A051E3900A4AB5D /* ContactListSUIApp.swift */,
				6EB9D2A42A051E3900A4AB5D /* ContentView.swift */,
				6EB9D2A62A051E3A00A4AB5D /* Assets.xcassets */,
				6EB9D2A82A051E3A00A4AB5D /* Preview Content */,
				6EB9D2B22A051EB400A4AB5D /* Services */,
				6EB9D2B52A051ED400A4AB5D /* Models */,
				6EB9D2B62A05298E00A4AB5D /* ContactInfoView.swift */,
				6EB9D2BA2A0532F500A4AB5D /* CardView.swift */,
				6EB9D2BC2A05A1D900A4AB5D /* ContactInfoRowView.swift */,
				6EB9D2B82A052AE000A4AB5D /* ContactListView.swift */,
				6EB9D2BE2A05A3C700A4AB5D /* NumbersView.swift */,
			);
			path = ContactListSUI;
			sourceTree = "<group>";
		};
		6EB9D2A82A051E3A00A4AB5D /* Preview Content */ = {
			isa = PBXGroup;
			children = (
				6EB9D2A92A051E3A00A4AB5D /* Preview Assets.xcassets */,
			);
			path = "Preview Content";
			sourceTree = "<group>";
		};
		6EB9D2B22A051EB400A4AB5D /* Services */ = {
			isa = PBXGroup;
			children = (
				6EB9D2B02A051E7500A4AB5D /* DataManager.swift */,
			);
			path = Services;
			sourceTree = "<group>";
		};
		6EB9D2B52A051ED400A4AB5D /* Models */ = {
			isa = PBXGroup;
			children = (
				6EB9D2B32A051ECC00A4AB5D /* Person.swift */,
			);
			path = Models;
			sourceTree = "<group>";
		};
/* End PBXGroup section */

/* Begin PBXNativeTarget section */
		6EB9D29E2A051E3900A4AB5D /* ContactListSUI */ = {
			isa = PBXNativeTarget;
			buildConfigurationList = 6EB9D2AD2A051E3A00A4AB5D /* Build configuration list for PBXNativeTarget "ContactListSUI" */;
			buildPhases = (
				6EB9D29B2A051E3900A4AB5D /* Sources */,
				6EB9D29C2A051E3900A4AB5D /* Frameworks */,
				6EB9D29D2A051E3900A4AB5D /* Resources */,
			);
			buildRules = (
			);
			dependencies = (
			);
			name = ContactListSUI;
			productName = ContactListSUI;
			productReference = 6EB9D29F2A051E3900A4AB5D /* ContactListSUI.app */;
			productType = "com.apple.product-type.application";
		};
/* End PBXNativeTarget section */

/* Begin PBXProject section */
		6EB9D2972A051E3900A4AB5D /* Project object */ = {
			isa = PBXProject;
			attributes = {
				BuildIndependentTargetsInParallel = 1;
				LastSwiftUpdateCheck = 1430;
				LastUpgradeCheck = 1430;
				TargetAttributes = {
					6EB9D29E2A051E3900A4AB5D = {
						CreatedOnToolsVersion = 14.3;
					};
				};
			};
			buildConfigurationList = 6EB9D29A2A051E3900A4AB5D /* Build configuration list for PBXProject "ContactListSUI" */;
			compatibilityVersion = "Xcode 14.0";
			developmentRegion = en;
			hasScannedForEncodings = 0;
			knownRegions = (
				en,
				Base,
			);
			mainGroup = 6EB9D2962A051E3900A4AB5D;
			productRefGroup = 6EB9D2A02A051E3900A4AB5D /* Products */;
			projectDirPath = "";
			projectRoot = "";
			targets = (
				6EB9D29E2A051E3900A4AB5D /* ContactListSUI */,
			);
		};
/* End PBXProject section */

/* Begin PBXResourcesBuildPhase section */
		6EB9D29D2A051E3900A4AB5D /* Resources */ = {
			isa = PBXResourcesBuildPhase;
			buildActionMask = 2147483647;
			files = (
				6EB9D2AA2A051E3A00A4AB5D /* Preview Assets.xcassets in Resources */,
				6EB9D2A72A051E3A00A4AB5D /* Assets.xcassets in Resources */,
			);
			runOnlyForDeploymentPostprocessing = 0;
		};
/* End PBXResourcesBuildPhase section */

/* Begin PBXSourcesBuildPhase section */
		6EB9D29B2A051E3900A4AB5D /* Sources */ = {
			isa = PBXSourcesBuildPhase;
			buildActionMask = 2147483647;
			files = (
				6EB9D2BB2A0532F500A4AB5D /* CardView.swift in Sources */,
				6EB9D2B72A05298E00A4AB5D /* ContactInfoView.swift in Sources */,
				6EB9D2A52A051E3900A4AB5D /* ContentView.swift in Sources */,
				6EB9D2BF2A05A3C700A4AB5D /* NumbersView.swift in Sources */,
				6EB9D2B12A051E7500A4AB5D /* DataManager.swift in Sources */,
				6EB9D2B92A052AE000A4AB5D /* ContactListView.swift in Sources */,
				6EB9D2B42A051ECC00A4AB5D /* Person.swift in Sources */,
				6EB9D2BD2A05A1D900A4AB5D /* ContactInfoRowView.swift in Sources */,
				6EB9D2A32A051E3900A4AB5D /* ContactListSUIApp.swift in Sources */,
			);
			runOnlyForDeploymentPostprocessing = 0;
		};
/* End PBXSourcesBuildPhase section */

/* Begin XCBuildConfiguration section */
		6EB9D2AB2A051E3A00A4AB5D /* Debug */ = {
			isa = XCBuildConfiguration;
			buildSettings = {
				ALWAYS_SEARCH_USER_PATHS = NO;
				CLANG_ANALYZER_NONNULL = YES;
				CLANG_ANALYZER_NUMBER_OBJECT_CONVERSION = YES_AGGRESSIVE;
				CLANG_CXX_LANGUAGE_STANDARD = "gnu++20";
				CLANG_ENABLE_MODULES = YES;
				CLANG_ENABLE_OBJC_ARC = YES;
				CLANG_ENABLE_OBJC_WEAK = YES;
				CLANG_WARN_BLOCK_CAPTURE_AUTORELEASING = YES;
				CLANG_WARN_BOOL_CONVERSION = YES;
				CLANG_WARN_COMMA = YES;
				CLANG_WARN_CONSTANT_CONVERSION = YES;
				CLANG_WARN_DEPRECATED_OBJC_IMPLEMENTATIONS = YES;
				CLANG_WARN_DIRECT_OBJC_ISA_USAGE = YES_ERROR;
				CLANG_WARN_DOCUMENTATION_COMMENTS = YES;
				CLANG_WARN_EMPTY_BODY = YES;
				CLANG_WARN_ENUM_CONVERSION = YES;
				CLANG_WARN_INFINITE_RECURSION = YES;
				CLANG_WARN_INT_CONVERSION = YES;
				CLANG_WARN_NON_LITERAL_NULL_CONVERSION = YES;
				CLANG_WARN_OBJC_IMPLICIT_RETAIN_SELF = YES;
				CLANG_WARN_OBJC_LITERAL_CONVERSION = YES;
				CLANG_WARN_OBJC_ROOT_CLASS = YES_ERROR;
				CLANG_WARN_QUOTED_INCLUDE_IN_FRAMEWORK_HEADER = YES;
				CLANG_WARN_RANGE_LOOP_ANALYSIS = YES;
				CLANG_WARN_STRICT_PROTOTYPES = YES;
				CLANG_WARN_SUSPICIOUS_MOVE = YES;
				CLANG_WARN_UNGUARDED_AVAILABILITY = YES_AGGRESSIVE;
				CLANG_WARN_UNREACHABLE_CODE = YES;
				CLANG_WARN__DUPLICATE_METHOD_MATCH = YES;
				COPY_PHASE_STRIP = NO;
				DEBUG_INFORMATION_FORMAT = dwarf;
				ENABLE_STRICT_OBJC_MSGSEND = YES;
				ENABLE_TESTABILITY = YES;
				GCC_C_LANGUAGE_STANDARD = gnu11;
				GCC_DYNAMIC_NO_PIC = NO;
				GCC_NO_COMMON_BLOCKS = YES;
				GCC_OPTIMIZATION_LEVEL = 0;
				GCC_PREPROCESSOR_DEFINITIONS = (
					"DEBUG=1",
					"$(inherited)",
				);
				GCC_WARN_64_TO_32_BIT_CONVERSION = YES;
				GCC_WARN_ABOUT_RETURN_TYPE = YES_ERROR;
				GCC_WARN_UNDECLARED_SELECTOR = YES;
				GCC_WARN_UNINITIALIZED_AUTOS = YES_AGGRESSIVE;
				GCC_WARN_UNUSED_FUNCTION = YES;
				GCC_WARN_UNUSED_VARIABLE = YES;
				IPHONEOS_DEPLOYMENT_TARGET = 16.4;
				MTL_ENABLE_DEBUG_INFO = INCLUDE_SOURCE;
				MTL_FAST_MATH = YES;
				ONLY_ACTIVE_ARCH = YES;
				SDKROOT = iphoneos;
				SWIFT_ACTIVE_COMPILATION_CONDITIONS = DEBUG;
				SWIFT_OPTIMIZATION_LEVEL = "-Onone";
			};
			name = Debug;
		};
		6EB9D2AC2A051E3A00A4AB5D /* Release */ = {
			isa = XCBuildConfiguration;
			buildSettings = {
				ALWAYS_SEARCH_USER_PATHS = NO;
				CLANG_ANALYZER_NONNULL = YES;
				CLANG_ANALYZER_NUMBER_OBJECT_CONVERSION = YES_AGGRESSIVE;
				CLANG_CXX_LANGUAGE_STANDARD = "gnu++20";
				CLANG_ENABLE_MODULES = YES;
				CLANG_ENABLE_OBJC_ARC = YES;
				CLANG_ENABLE_OBJC_WEAK = YES;
				CLANG_WARN_BLOCK_CAPTURE_AUTORELEASING = YES;
				CLANG_WARN_BOOL_CONVERSION = YES;
				CLANG_WARN_COMMA = YES;
				CLANG_WARN_CONSTANT_CONVERSION = YES;
				CLANG_WARN_DEPRECATED_OBJC_IMPLEMENTATIONS = YES;
				CLANG_WARN_DIRECT_OBJC_ISA_USAGE = YES_ERROR;
				CLANG_WARN_DOCUMENTATION_COMMENTS = YES;
				CLANG_WARN_EMPTY_BODY = YES;
				CLANG_WARN_ENUM_CONVERSION = YES;
				CLANG_WARN_INFINITE_RECURSION = YES;
				CLANG_WARN_INT_CONVERSION = YES;
				CLANG_WARN_NON_LITERAL_NULL_CONVERSION = YES;
				CLANG_WARN_OBJC_IMPLICIT_RETAIN_SELF = YES;
				CLANG_WARN_OBJC_LITERAL_CONVERSION = YES;
				CLANG_WARN_OBJC_ROOT_CLASS = YES_ERROR;
				CLANG_WARN_QUOTED_INCLUDE_IN_FRAMEWORK_HEADER = YES;
				CLANG_WARN_RANGE_LOOP_ANALYSIS = YES;
				CLANG_WARN_STRICT_PROTOTYPES = YES;
				CLANG_WARN_SUSPICIOUS_MOVE = YES;
				CLANG_WARN_UNGUARDED_AVAILABILITY = YES_AGGRESSIVE;
				CLANG_WARN_UNREACHABLE_CODE = YES;
				CLANG_WARN__DUPLICATE_METHOD_MATCH = YES;
				COPY_PHASE_STRIP = NO;
				DEBUG_INFORMATION_FORMAT = "dwarf-with-dsym";
				ENABLE_NS_ASSERTIONS = NO;
				ENABLE_STRICT_OBJC_MSGSEND = YES;
				GCC_C_LANGUAGE_STANDARD = gnu11;
				GCC_NO_COMMON_BLOCKS = YES;
				GCC_WARN_64_TO_32_BIT_CONVERSION = YES;
				GCC_WARN_ABOUT_RETURN_TYPE = YES_ERROR;
				GCC_WARN_UNDECLARED_SELECTOR = YES;
				GCC_WARN_UNINITIALIZED_AUTOS = YES_AGGRESSIVE;
				GCC_WARN_UNUSED_FUNCTION = YES;
				GCC_WARN_UNUSED_VARIABLE = YES;
				IPHONEOS_DEPLOYMENT_TARGET = 16.4;
				MTL_ENABLE_DEBUG_INFO = NO;
				MTL_FAST_MATH = YES;
				SDKROOT = iphoneos;
				SWIFT_COMPILATION_MODE = wholemodule;
				SWIFT_OPTIMIZATION_LEVEL = "-O";
				VALIDATE_PRODUCT = YES;
			};
			name = Release;
		};
		6EB9D2AE2A051E3A00A4AB5D /* Debug */ = {
			isa = XCBuildConfiguration;
			buildSettings = {
				ASSETCATALOG_COMPILER_APPICON_NAME = AppIcon;
				ASSETCATALOG_COMPILER_GLOBAL_ACCENT_COLOR_NAME = AccentColor;
				CODE_SIGN_STYLE = Automatic;
				CURRENT_PROJECT_VERSION = 1;
				DEVELOPMENT_ASSET_PATHS = "\"ContactListSUI/Preview Content\"";
				DEVELOPMENT_TEAM = USCX539P25;
				ENABLE_PREVIEWS = YES;
				GENERATE_INFOPLIST_FILE = YES;
				INFOPLIST_KEY_UIApplicationSceneManifest_Generation = YES;
				INFOPLIST_KEY_UIApplicationSupportsIndirectInputEvents = YES;
				INFOPLIST_KEY_UILaunchScreen_Generation = YES;
				INFOPLIST_KEY_UISupportedInterfaceOrientations = UIInterfaceOrientationPortrait;
				INFOPLIST_KEY_UISupportedInterfaceOrientations_iPad = "UIInterfaceOrientationLandscapeLeft UIInterfaceOrientationLandscapeRight UIInterfaceOrientationPortrait UIInterfaceOrientationPortraitUpsideDown";
				LD_RUNPATH_SEARCH_PATHS = (
					"$(inherited)",
					"@executable_path/Frameworks",
				);
				MARKETING_VERSION = 1.0;
				PRODUCT_BUNDLE_IDENTIFIER = RBA.ContactListSUI;
				PRODUCT_NAME = "$(TARGET_NAME)";
				SUPPORTED_PLATFORMS = "iphoneos iphonesimulator";
				SUPPORTS_MACCATALYST = NO;
				SUPPORTS_MAC_DESIGNED_FOR_IPHONE_IPAD = NO;
				SWIFT_EMIT_LOC_STRINGS = YES;
				SWIFT_VERSION = 5.0;
				TARGETED_DEVICE_FAMILY = 1;
			};
			name = Debug;
		};
		6EB9D2AF2A051E3A00A4AB5D /* Release */ = {
			isa = XCBuildConfiguration;
			buildSettings = {
				ASSETCATALOG_COMPILER_APPICON_NAME = AppIcon;
				ASSETCATALOG_COMPILER_GLOBAL_ACCENT_COLOR_NAME = AccentColor;
				CODE_SIGN_STYLE = Automatic;
				CURRENT_PROJECT_VERSION = 1;
				DEVELOPMENT_ASSET_PATHS = "\"ContactListSUI/Preview Content\"";
				DEVELOPMENT_TEAM = USCX539P25;
				ENABLE_PREVIEWS = YES;
				GENERATE_INFOPLIST_FILE = YES;
				INFOPLIST_KEY_UIApplicationSceneManifest_Generation = YES;
				INFOPLIST_KEY_UIApplicationSupportsIndirectInputEvents = YES;
				INFOPLIST_KEY_UILaunchScreen_Generation = YES;
				INFOPLIST_KEY_UISupportedInterfaceOrientations = UIInterfaceOrientationPortrait;
				INFOPLIST_KEY_UISupportedInterfaceOrientations_iPad = "UIInterfaceOrientationLandscapeLeft UIInterfaceOrientationLandscapeRight UIInterfaceOrientationPortrait UIInterfaceOrientationPortraitUpsideDown";
				LD_RUNPATH_SEARCH_PATHS = (
					"$(inherited)",
					"@executable_path/Frameworks",
				);
				MARKETING_VERSION = 1.0;
				PRODUCT_BUNDLE_IDENTIFIER = RBA.ContactListSUI;
				PRODUCT_NAME = "$(TARGET_NAME)";
				SUPPORTED_PLATFORMS = "iphoneos iphonesimulator";
				SUPPORTS_MACCATALYST = NO;
				SUPPORTS_MAC_DESIGNED_FOR_IPHONE_IPAD = NO;
				SWIFT_EMIT_LOC_STRINGS = YES;
				SWIFT_VERSION = 5.0;
				TARGETED_DEVICE_FAMILY = 1;
			};
			name = Release;
		};
/* End XCBuildConfiguration section */

/* Begin XCConfigurationList section */
		6EB9D29A2A051E3900A4AB5D /* Build configuration list for PBXProject "ContactListSUI" */ = {
			isa = XCConfigurationList;
			buildConfigurations = (
				6EB9D2AB2A051E3A00A4AB5D /* Debug */,
				6EB9D2AC2A051E3A00A4AB5D /* Release */,
			);
			defaultConfigurationIsVisible = 0;
			defaultConfigurationName = Release;
		};
		6EB9D2AD2A051E3A00A4AB5D /* Build configuration list for PBXNativeTarget "ContactListSUI" */ = {
			isa = XCConfigurationList;
			buildConfigurations = (
				6EB9D2AE2A051E3A00A4AB5D /* Debug */,
				6EB9D2AF2A051E3A00A4AB5D /* Release */,
			);
			defaultConfigurationIsVisible = 0;
			defaultConfigurationName = Release;
		};
/* End XCConfigurationList section */
	};
	rootObject = 6EB9D2972A051E3900A4AB5D /* Project object */;
}
